{
  "name": "runtime",
  "lockfileVersion": 3,
  "requires": true,
  "packages": {
    "": {
      "dependencies": {
        "typebox": "1.3.27"
      }
    },
    "node_modules/typebox": {
      "version": "1.3.27",
      "resolved": "https://registry.npmjs.org/typebox/-/typebox-1.3.27.tgz",
      "integrity": "sha512-zu+jc1pcy4UiNThxikUr36f0Rybk9PEeCg/NE6adeWr/SKsdNO4EzZHYRDlv2YCVAfj3Odq3dESSo/jNyoBXzA==",
      "license": "MIT"
    }
  }
}
